{
  "lockfileVersion": 1,
  "workspaces": {
    "": {
      "name": "tree-sitter-razen",
      "dependencies": {
        "nan": "^2.17.0",
      },
      "devDependencies": {
        "tree-sitter-cli": "^0.20.8",
      },
    },
  },
  "packages": {
    "nan": ["nan@2.23.0", "", {}, "sha512-1UxuyYGdoQHcGg87Lkqm3FzefucTa0NAiOcuRsDmysep3c1LVCRK2krrUDafMWtjSG04htvAmvg96+SDknOmgQ=="],

    "tree-sitter-cli": ["tree-sitter-cli@0.20.8", "", { "bin": { "tree-sitter": "cli.js" } }, "sha512-XjTcS3wdTy/2cc/ptMLc/WRyOLECRYcMTrSWyhZnj1oGSOWbHLTklgsgRICU3cPfb0vy+oZCC33M43u6R1HSCA=="],
  }
}
